
Microsoft Visual Studio Solution File, Format Version 12.00
# Visual Studio Version 17
VisualStudioVersion = 17.14.37012.4 d17.14
MinimumVisualStudioVersion = 10.0.40219.1
Project("{FAE04EC0-301F-11D3-BF4B-00C04F79EFBC}") = "GymAdminPanel", "GymAdminPanel\GymAdminPanel.csproj", "{7B301A6B-7CBC-4ED5-9F3C-C3FCA8B9489A}"
EndProject
Global
	GlobalSection(SolutionConfigurationPlatforms) = preSolution
		Debug|Any CPU = Debug|Any CPU
		Release|Any CPU = Release|Any CPU
	EndGlobalSection
	GlobalSection(ProjectConfigurationPlatforms) = postSolution
		{7B301A6B-7CBC-4ED5-9F3C-C3FCA8B9489A}.Debug|Any CPU.ActiveCfg = Debug|Any CPU
		{7B301A6B-7CBC-4ED5-9F3C-C3FCA8B9489A}.Debug|Any CPU.Build.0 = Debug|Any CPU
		{7B301A6B-7CBC-4ED5-9F3C-C3FCA8B9489A}.Release|Any CPU.ActiveCfg = Release|Any CPU
		{7B301A6B-7CBC-4ED5-9F3C-C3FCA8B9489A}.Release|Any CPU.Build.0 = Release|Any CPU
	EndGlobalSection
	GlobalSection(SolutionProperties) = preSolution
		HideSolutionNode = FALSE
	EndGlobalSection
	GlobalSection(ExtensibilityGlobals) = postSolution
		SolutionGuid = {A96BF64D-1A6D-4D2D-945B-060D818A6AEF}
	EndGlobalSection
EndGlobal
